
Microsoft Visual Studio Solution File, Format Version 12.00
# Visual Studio 15
VisualStudioVersion = 15.0.28307.329
MinimumVisualStudioVersion = 10.0.40219.1
Project("{FAE04EC0-301F-11D3-BF4B-00C04F79EFBC}") = "MiniSQLEngine", "MiniSQLEngine\MiniSQLEngine.csproj", "{831531C4-F4A2-492D-A4B7-50D5EE8A6805}"
EndProject
Project("{2150E333-8FDC-42A3-9474-1A3956D46DE8}") = "tests", "tests", "{B7AF0BEE-7E2A-41CB-AFEF-A2E1AD2F7B94}"
EndProject
Project("{FAE04EC0-301F-11D3-BF4B-00C04F79EFBC}") = "ClassesTest", "ClassesTest\ClassesTest.csproj", "{3C4AE422-20E1-4F81-8ED8-C7BDD7AE2CAD}"
EndProject
Project("{FAE04EC0-301F-11D3-BF4B-00C04F79EFBC}") = "MainConsole", "MainConsole\MainConsole.csproj", "{2DC7239E-7A36-40E9-926F-3EFF27DE47D7}"
EndProject
Project("{FAE04EC0-301F-11D3-BF4B-00C04F79EFBC}") = "MiniSQLDBConsole", "MiniSQLDBConsole\MiniSQLDBConsole.csproj", "{A6EE71CC-547C-49CB-B607-A9B0971BD31B}"
	ProjectSection(ProjectDependencies) = postProject
		{831531C4-F4A2-492D-A4B7-50D5EE8A6805} = {831531C4-F4A2-492D-A4B7-50D5EE8A6805}
	EndProjectSection
EndProject
Project("{FAE04EC0-301F-11D3-BF4B-00C04F79EFBC}") = "Bundler", "Bundler\Bundler.csproj", "{117A13E0-7E78-4689-9F75-02379B817AC7}"
EndProject
Global
	GlobalSection(SolutionConfigurationPlatforms) = preSolution
		Debug|Any CPU = Debug|Any CPU
		Release|Any CPU = Release|Any CPU
	EndGlobalSection
	GlobalSection(ProjectConfigurationPlatforms) = postSolution
		{831531C4-F4A2-492D-A4B7-50D5EE8A6805}.Debug|Any CPU.ActiveCfg = Debug|Any CPU
		{831531C4-F4A2-492D-A4B7-50D5EE8A6805}.Debug|Any CPU.Build.0 = Debug|Any CPU
		{831531C4-F4A2-492D-A4B7-50D5EE8A6805}.Release|Any CPU.ActiveCfg = Release|Any CPU
		{831531C4-F4A2-492D-A4B7-50D5EE8A6805}.Release|Any CPU.Build.0 = Release|Any CPU
		{3C4AE422-20E1-4F81-8ED8-C7BDD7AE2CAD}.Debug|Any CPU.ActiveCfg = Debug|Any CPU
		{3C4AE422-20E1-4F81-8ED8-C7BDD7AE2CAD}.Debug|Any CPU.Build.0 = Debug|Any CPU
		{3C4AE422-20E1-4F81-8ED8-C7BDD7AE2CAD}.Release|Any CPU.ActiveCfg = Release|Any CPU
		{3C4AE422-20E1-4F81-8ED8-C7BDD7AE2CAD}.Release|Any CPU.Build.0 = Release|Any CPU
		{2DC7239E-7A36-40E9-926F-3EFF27DE47D7}.Debug|Any CPU.ActiveCfg = Debug|Any CPU
		{2DC7239E-7A36-40E9-926F-3EFF27DE47D7}.Debug|Any CPU.Build.0 = Debug|Any CPU
		{2DC7239E-7A36-40E9-926F-3EFF27DE47D7}.Release|Any CPU.ActiveCfg = Release|Any CPU
		{2DC7239E-7A36-40E9-926F-3EFF27DE47D7}.Release|Any CPU.Build.0 = Release|Any CPU
		{A6EE71CC-547C-49CB-B607-A9B0971BD31B}.Debug|Any CPU.ActiveCfg = Debug|Any CPU
		{A6EE71CC-547C-49CB-B607-A9B0971BD31B}.Debug|Any CPU.Build.0 = Debug|Any CPU
		{A6EE71CC-547C-49CB-B607-A9B0971BD31B}.Release|Any CPU.ActiveCfg = Release|Any CPU
		{A6EE71CC-547C-49CB-B607-A9B0971BD31B}.Release|Any CPU.Build.0 = Release|Any CPU
		{117A13E0-7E78-4689-9F75-02379B817AC7}.Debug|Any CPU.ActiveCfg = Debug|Any CPU
		{117A13E0-7E78-4689-9F75-02379B817AC7}.Debug|Any CPU.Build.0 = Debug|Any CPU
		{117A13E0-7E78-4689-9F75-02379B817AC7}.Release|Any CPU.ActiveCfg = Release|Any CPU
		{117A13E0-7E78-4689-9F75-02379B817AC7}.Release|Any CPU.Build.0 = Release|Any CPU
	EndGlobalSection
	GlobalSection(SolutionProperties) = preSolution
		HideSolutionNode = FALSE
	EndGlobalSection
	GlobalSection(NestedProjects) = preSolution
		{3C4AE422-20E1-4F81-8ED8-C7BDD7AE2CAD} = {B7AF0BEE-7E2A-41CB-AFEF-A2E1AD2F7B94}
	EndGlobalSection
	GlobalSection(ExtensibilityGlobals) = postSolution
		SolutionGuid = {A5777804-0E4E-4C15-81B8-425E03CF3FE2}
	EndGlobalSection
EndGlobal
